
Microsoft Visual Studio Solution File, Format Version 12.00
# Visual Studio Version 17
VisualStudioVersion = 17.7.34031.279
MinimumVisualStudioVersion = 10.0.40219.1
Project("{FAE04EC0-301F-11D3-BF4B-00C04F79EFBC}") = "conexionPostgreSQLC#", "conexionPostgreSQLC#\conexionPostgreSQLC#.csproj", "{348129B0-4DC1-4933-928F-C4B2A45E69F8}"
EndProject
Global
	GlobalSection(SolutionConfigurationPlatforms) = preSolution
		Debug|Any CPU = Debug|Any CPU
		Release|Any CPU = Release|Any CPU
	EndGlobalSection
	GlobalSection(ProjectConfigurationPlatforms) = postSolution
		{348129B0-4DC1-4933-928F-C4B2A45E69F8}.Debug|Any CPU.ActiveCfg = Debug|Any CPU
		{348129B0-4DC1-4933-928F-C4B2A45E69F8}.Debug|Any CPU.Build.0 = Debug|Any CPU
		{348129B0-4DC1-4933-928F-C4B2A45E69F8}.Release|Any CPU.ActiveCfg = Release|Any CPU
		{348129B0-4DC1-4933-928F-C4B2A45E69F8}.Release|Any CPU.Build.0 = Release|Any CPU
	EndGlobalSection
	GlobalSection(SolutionProperties) = preSolution
		HideSolutionNode = FALSE
	EndGlobalSection
	GlobalSection(ExtensibilityGlobals) = postSolution
		SolutionGuid = {B70B619F-AA86-455E-A1FC-572BC046D6CF}
	EndGlobalSection
EndGlobal
